
Microsoft Visual Studio Solution File, Format Version 12.00
# Visual Studio Version 16
VisualStudioVersion = 16.0.31205.134
MinimumVisualStudioVersion = 10.0.40219.1
Project("{FAE04EC0-301F-11D3-BF4B-00C04F79EFBC}") = "file_organization_final_project", "file_organization_final_project\file_organization_final_project.csproj", "{A5489C2A-9697-4BDD-BA2E-2E454342BBE1}"
EndProject
Global
	GlobalSection(SolutionConfigurationPlatforms) = preSolution
		Debug|Any CPU = Debug|Any CPU
		Release|Any CPU = Release|Any CPU
	EndGlobalSection
	GlobalSection(ProjectConfigurationPlatforms) = postSolution
		{A5489C2A-9697-4BDD-BA2E-2E454342BBE1}.Debug|Any CPU.ActiveCfg = Debug|Any CPU
		{A5489C2A-9697-4BDD-BA2E-2E454342BBE1}.Debug|Any CPU.Build.0 = Debug|Any CPU
		{A5489C2A-9697-4BDD-BA2E-2E454342BBE1}.Release|Any CPU.ActiveCfg = Release|Any CPU
		{A5489C2A-9697-4BDD-BA2E-2E454342BBE1}.Release|Any CPU.Build.0 = Release|Any CPU
	EndGlobalSection
	GlobalSection(SolutionProperties) = preSolution
		HideSolutionNode = FALSE
	EndGlobalSection
	GlobalSection(ExtensibilityGlobals) = postSolution
		SolutionGuid = {A0BDA73F-BAFB-4AAC-A5A5-D8A8677DB944}
	EndGlobalSection
EndGlobal
